Microsoft Visual Studio Solution File, Format Version 12.00
# Visual Studio Version 17
VisualStudioVersion = 17.8.34511.84
MinimumVisualStudioVersion = 10.0.40219.1
Project("{9A19103F-16F7-4668-BE54-9A1E7A4F7556}") = "BioMA.ModelLayer.SCC", "BioMA.ModelLayer.SCC.csproj", "{56C2F446-2C34-4151-92BC-832967C7A6CF}"
EndProject
Project("{2150E333-8FDC-42A3-9474-1A3956D46DE8}") = "Elementi di soluzione", "Elementi di soluzione", "{000407F0-F1FF-473A-801F-F19E39D608AB}"
	ProjectSection(SolutionItems) = preProject
		azure-pipelines.yml = azure-pipelines.yml
	EndProjectSection
EndProject
Global
	GlobalSection(SolutionConfigurationPlatforms) = preSolution
		Debug|Any CPU = Debug|Any CPU
		Release|Any CPU = Release|Any CPU
	EndGlobalSection
	GlobalSection(ProjectConfigurationPlatforms) = postSolution
		{56C2F446-2C34-4151-92BC-832967C7A6CF}.Debug|Any CPU.ActiveCfg = Debug|Any CPU
		{56C2F446-2C34-4151-92BC-832967C7A6CF}.Debug|Any CPU.Build.0 = Debug|Any CPU
		{56C2F446-2C34-4151-92BC-832967C7A6CF}.Release|Any CPU.ActiveCfg = Release|Any CPU
		{56C2F446-2C34-4151-92BC-832967C7A6CF}.Release|Any CPU.Build.0 = Release|Any CPU
	EndGlobalSection
	GlobalSection(SolutionProperties) = preSolution
		HideSolutionNode = FALSE
	EndGlobalSection
	GlobalSection(ExtensibilityGlobals) = postSolution
		SolutionGuid = {4EC173F4-0D1F-4E71-B5BD-9019A6D8B807}
	EndGlobalSection
EndGlobal
